
Microsoft Visual Studio Solution File, Format Version 12.00
# Visual Studio Version 17
VisualStudioVersion = 17.14.36121.58 d17.14
MinimumVisualStudioVersion = 10.0.40219.1
Project("{FAE04EC0-301F-11D3-BF4B-00C04F79EFBC}") = "Prog-Parcial1-Tavani-Santiago", "Prog-Parcial1-Tavani-Santiago\Prog-Parcial1-Tavani-Santiago.csproj", "{714F6336-2E33-46F4-9F09-C65350A3C592}"
EndProject
Project("{FAE04EC0-301F-11D3-BF4B-00C04F79EFBC}") = "DrinkManagerService", "DrinkManagerService\DrinkManagerService.csproj", "{70F19082-5A57-4FB4-B264-F12AA6513796}"
EndProject
Project("{FAE04EC0-301F-11D3-BF4B-00C04F79EFBC}") = "DrinkManagerServiceTest", "DrinkManagerServiceTest\DrinkManagerServiceTest.csproj", "{8AB82287-0EDC-4944-87AD-ACF920D37F64}"
EndProject
Global
	GlobalSection(SolutionConfigurationPlatforms) = preSolution
		Debug|Any CPU = Debug|Any CPU
		Release|Any CPU = Release|Any CPU
	EndGlobalSection
	GlobalSection(ProjectConfigurationPlatforms) = postSolution
		{714F6336-2E33-46F4-9F09-C65350A3C592}.Debug|Any CPU.ActiveCfg = Debug|Any CPU
		{714F6336-2E33-46F4-9F09-C65350A3C592}.Debug|Any CPU.Build.0 = Debug|Any CPU
		{714F6336-2E33-46F4-9F09-C65350A3C592}.Release|Any CPU.ActiveCfg = Release|Any CPU
		{714F6336-2E33-46F4-9F09-C65350A3C592}.Release|Any CPU.Build.0 = Release|Any CPU
		{70F19082-5A57-4FB4-B264-F12AA6513796}.Debug|Any CPU.ActiveCfg = Debug|Any CPU
		{70F19082-5A57-4FB4-B264-F12AA6513796}.Debug|Any CPU.Build.0 = Debug|Any CPU
		{70F19082-5A57-4FB4-B264-F12AA6513796}.Release|Any CPU.ActiveCfg = Release|Any CPU
		{70F19082-5A57-4FB4-B264-F12AA6513796}.Release|Any CPU.Build.0 = Release|Any CPU
		{8AB82287-0EDC-4944-87AD-ACF920D37F64}.Debug|Any CPU.ActiveCfg = Debug|Any CPU
		{8AB82287-0EDC-4944-87AD-ACF920D37F64}.Debug|Any CPU.Build.0 = Debug|Any CPU
		{8AB82287-0EDC-4944-87AD-ACF920D37F64}.Release|Any CPU.ActiveCfg = Release|Any CPU
		{8AB82287-0EDC-4944-87AD-ACF920D37F64}.Release|Any CPU.Build.0 = Release|Any CPU
	EndGlobalSection
	GlobalSection(SolutionProperties) = preSolution
		HideSolutionNode = FALSE
	EndGlobalSection
	GlobalSection(ExtensibilityGlobals) = postSolution
		SolutionGuid = {A416CDAD-C592-4339-B677-587C212A1B6A}
	EndGlobalSection
EndGlobal
